// !$*UTF8*$!
{
	archiveVersion = 1;
	classes = {
	};
	objectVersion = 46;
	objects = {

/* Begin PBXBuildFile section */
		A66E39DF1C03AEDB0024B296 /* libGTLTouchStaticLib.a in Frameworks */ = {isa = PBXBuildFile; fileRef = A66E39DE1C03AEDB0024B296 /* libGTLTouchStaticLib.a */; };
		A66E39E21C03B4410024B296 /* MainViewController.m in Sources */ = {isa = PBXBuildFile; fileRef = A66E39E11C03B4410024B296 /* MainViewController.m */; };
		A66E39E51C03B8800024B296 /* MainView.m in Sources */ = {isa = PBXBuildFile; fileRef = A66E39E41C03B8800024B296 /* MainView.m */; };
		A66E39E81C03C3A70024B296 /* SWRevealViewController.m in Sources */ = {isa = PBXBuildFile; fileRef = A66E39E71C03C3A70024B296 /* SWRevealViewController.m */; };
		A66E39EC1C03D49E0024B296 /* MenuTableViewController.m in Sources */ = {isa = PBXBuildFile; fileRef = A66E39EB1C03D49E0024B296 /* MenuTableViewController.m */; };
		A66E39EF1C03DC750024B296 /* GmailService.m in Sources */ = {isa = PBXBuildFile; fileRef = A66E39EE1C03DC750024B296 /* GmailService.m */; };
		A6C20A771C07197B009439BF /* Interface.storyboard in Resources */ = {isa = PBXBuildFile; fileRef = A6C20A751C07197B009439BF /* Interface.storyboard */; };
		A6C20A791C07197B009439BF /* Assets.xcassets in Resources */ = {isa = PBXBuildFile; fileRef = A6C20A781C07197B009439BF /* Assets.xcassets */; };
		A6C20A801C07197B009439BF /* TinMailWatch Extension.appex in Embed App Extensions */ = {isa = PBXBuildFile; fileRef = A6C20A7F1C07197B009439BF /* TinMailWatch Extension.appex */; settings = {ATTRIBUTES = (RemoveHeadersOnCopy, ); }; };
		A6C20A881C07197B009439BF /* InterfaceController.m in Sources */ = {isa = PBXBuildFile; fileRef = A6C20A871C07197B009439BF /* InterfaceController.m */; };
		A6C20A8B1C07197B009439BF /* ExtensionDelegate.m in Sources */ = {isa = PBXBuildFile; fileRef = A6C20A8A1C07197B009439BF /* ExtensionDelegate.m */; };
		A6C20A8E1C07197B009439BF /* NotificationController.m in Sources */ = {isa = PBXBuildFile; fileRef = A6C20A8D1C07197B009439BF /* NotificationController.m */; };
		A6C20A901C07197B009439BF /* Assets.xcassets in Resources */ = {isa = PBXBuildFile; fileRef = A6C20A8F1C07197B009439BF /* Assets.xcassets */; };
		A6C20A941C07197B009439BF /* TinMailWatch.app in Embed Watch Content */ = {isa = PBXBuildFile; fileRef = A6C20A731C07197A009439BF /* TinMailWatch.app */; };
		A6C2D3441C02FD98001762E0 /* main.m in Sources */ = {isa = PBXBuildFile; fileRef = A6C2D3431C02FD98001762E0 /* main.m */; };
		A6C2D3471C02FD98001762E0 /* AppDelegate.m in Sources */ = {isa = PBXBuildFile; fileRef = A6C2D3461C02FD98001762E0 /* AppDelegate.m */; };
		A6C2D34A1C02FD98001762E0 /* ViewController.m in Sources */ = {isa = PBXBuildFile; fileRef = A6C2D3491C02FD98001762E0 /* ViewController.m */; };
		A6C2D34D1C02FD98001762E0 /* Main.storyboard in Resources */ = {isa = PBXBuildFile; fileRef = A6C2D34B1C02FD98001762E0 /* Main.storyboard */; };
		A6C2D34F1C02FD98001762E0 /* Images.xcassets in Resources */ = {isa = PBXBuildFile; fileRef = A6C2D34E1C02FD98001762E0 /* Images.xcassets */; };
		A6C2D3521C02FD98001762E0 /* LaunchScreen.xib in Resources */ = {isa = PBXBuildFile; fileRef = A6C2D3501C02FD98001762E0 /* LaunchScreen.xib */; };
		A6C2D36A1C02FDB8001762E0 /* Security.framework in Frameworks */ = {isa = PBXBuildFile; fileRef = A6C2D3691C02FDB8001762E0 /* Security.framework */; };
		A6C2D36C1C02FDBE001762E0 /* SystemConfiguration.framework in Frameworks */ = {isa = PBXBuildFile; fileRef = A6C2D36B1C02FDBE001762E0 /* SystemConfiguration.framework */; };
		A6C2D36E1C02FE4C001762E0 /* GTMOAuth2ViewTouch.xib in Resources */ = {isa = PBXBuildFile; fileRef = A6C2D36D1C02FE4C001762E0 /* GTMOAuth2ViewTouch.xib */; };
		A6C2D3711C02FE6A001762E0 /* GTLGmail_Sources.m in Sources */ = {isa = PBXBuildFile; fileRef = A6C2D36F1C02FE6A001762E0 /* GTLGmail_Sources.m */; };
		A6F24BC91C0566E50091863E /* SettingsTableViewController.m in Sources */ = {isa = PBXBuildFile; fileRef = A6F24BC81C0566E50091863E /* SettingsTableViewController.m */; };
		A6F24BCC1C0566FA0091863E /* ActionsTableViewController.m in Sources */ = {isa = PBXBuildFile; fileRef = A6F24BCB1C0566FA0091863E /* ActionsTableViewController.m */; };
/* End PBXBuildFile section */

/* Begin PBXContainerItemProxy section */
		A6C20A811C07197B009439BF /* PBXContainerItemProxy */ = {
			isa = PBXContainerItemProxy;
			containerPortal = A6C2D3361C02FD98001762E0 /* Project object */;
			proxyType = 1;
			remoteGlobalIDString = A6C20A7E1C07197B009439BF;
			remoteInfo = "TinMailWatch Extension";
		};
		A6C20A921C07197B009439BF /* PBXContainerItemProxy */ = {
			isa = PBXContainerItemProxy;
			containerPortal = A6C2D3361C02FD98001762E0 /* Project object */;
			proxyType = 1;
			remoteGlobalIDString = A6C20A721C07197A009439BF;
			remoteInfo = TinMailWatch;
		};
/* End PBXContainerItemProxy section */

/* Begin PBXCopyFilesBuildPhase section */
		A6C20A981C07197B009439BF /* Embed App Extensions */ = {
			isa = PBXCopyFilesBuildPhase;
			buildActionMask = 2147483647;
			dstPath = "";
			dstSubfolderSpec = 13;
			files = (
				A6C20A801C07197B009439BF /* TinMailWatch Extension.appex in Embed App Extensions */,
			);
			name = "Embed App Extensions";
			runOnlyForDeploymentPostprocessing = 0;
		};
		A6C20A9C1C07197B009439BF /* Embed Watch Content */ = {
			isa = PBXCopyFilesBuildPhase;
			buildActionMask = 2147483647;
			dstPath = "$(CONTENTS_FOLDER_PATH)/Watch";
			dstSubfolderSpec = 16;
			files = (
				A6C20A941C07197B009439BF /* TinMailWatch.app in Embed Watch Content */,
			);
			name = "Embed Watch Content";
			runOnlyForDeploymentPostprocessing = 0;
		};
/* End PBXCopyFilesBuildPhase section */

/* Begin PBXFileReference section */
		A66E39DE1C03AEDB0024B296 /* libGTLTouchStaticLib.a */ = {isa = PBXFileReference; lastKnownFileType = archive.ar; name = libGTLTouchStaticLib.a; path = ../libGTLTouchStaticLib.a; sourceTree = "<group>"; };
		A66E39E01C03B4410024B296 /* MainViewController.h */ = {isa = PBXFileReference; fileEncoding = 4; lastKnownFileType = sourcecode.c.h; path = MainViewController.h; sourceTree = "<group>"; };
		A66E39E11C03B4410024B296 /* MainViewController.m */ = {isa = PBXFileReference; fileEncoding = 4; lastKnownFileType = sourcecode.c.objc; path = MainViewController.m; sourceTree = "<group>"; };
		A66E39E31C03B8800024B296 /* MainView.h */ = {isa = PBXFileReference; fileEncoding = 4; lastKnownFileType = sourcecode.c.h; path = MainView.h; sourceTree = "<group>"; };
		A66E39E41C03B8800024B296 /* MainView.m */ = {isa = PBXFileReference; fileEncoding = 4; lastKnownFileType = sourcecode.c.objc; path = MainView.m; sourceTree = "<group>"; };
		A66E39E61C03C3A70024B296 /* SWRevealViewController.h */ = {isa = PBXFileReference; fileEncoding = 4; lastKnownFileType = sourcecode.c.h; path = SWRevealViewController.h; sourceTree = "<group>"; };
		A66E39E71C03C3A70024B296 /* SWRevealViewController.m */ = {isa = PBXFileReference; fileEncoding = 4; lastKnownFileType = sourcecode.c.objc; path = SWRevealViewController.m; sourceTree = "<group>"; };
		A66E39EA1C03D49E0024B296 /* MenuTableViewController.h */ = {isa = PBXFileReference; fileEncoding = 4; lastKnownFileType = sourcecode.c.h; path = MenuTableViewController.h; sourceTree = "<group>"; };
		A66E39EB1C03D49E0024B296 /* MenuTableViewController.m */ = {isa = PBXFileReference; fileEncoding = 4; lastKnownFileType = sourcecode.c.objc; path = MenuTableViewController.m; sourceTree = "<group>"; };
		A66E39ED1C03DC750024B296 /* GmailService.h */ = {isa = PBXFileReference; fileEncoding = 4; lastKnownFileType = sourcecode.c.h; path = GmailService.h; sourceTree = "<group>"; };
		A66E39EE1C03DC750024B296 /* GmailService.m */ = {isa = PBXFileReference; fileEncoding = 4; lastKnownFileType = sourcecode.c.objc; path = GmailService.m; sourceTree = "<group>"; };
		A6C20A731C07197A009439BF /* TinMailWatch.app */ = {isa = PBXFileReference; explicitFileType = wrapper.application; includeInIndex = 0; path = TinMailWatch.app; sourceTree = BUILT_PRODUCTS_DIR; };
		A6C20A761C07197B009439BF /* Base */ = {isa = PBXFileReference; lastKnownFileType = file.storyboard; name = Base; path = Base.lproj/Interface.storyboard; sourceTree = "<group>"; };
		A6C20A781C07197B009439BF /* Assets.xcassets */ = {isa = PBXFileReference; lastKnownFileType = folder.assetcatalog; path = Assets.xcassets; sourceTree = "<group>"; };
		A6C20A7A1C07197B009439BF /* Info.plist */ = {isa = PBXFileReference; lastKnownFileType = text.plist.xml; path = Info.plist; sourceTree = "<group>"; };
		A6C20A7F1C07197B009439BF /* TinMailWatch Extension.appex */ = {isa = PBXFileReference; explicitFileType = "wrapper.app-extension"; includeInIndex = 0; path = "TinMailWatch Extension.appex"; sourceTree = BUILT_PRODUCTS_DIR; };
		A6C20A851C07197B009439BF /* PushNotificationPayload.apns */ = {isa = PBXFileReference; lastKnownFileType = text; path = PushNotificationPayload.apns; sourceTree = "<group>"; };
		A6C20A861C07197B009439BF /* InterfaceController.h */ = {isa = PBXFileReference; lastKnownFileType = sourcecode.c.h; path = InterfaceController.h; sourceTree = "<group>"; };
		A6C20A871C07197B009439BF /* InterfaceController.m */ = {isa = PBXFileReference; lastKnownFileType = sourcecode.c.objc; path = InterfaceController.m; sourceTree = "<group>"; };
		A6C20A891C07197B009439BF /* ExtensionDelegate.h */ = {isa = PBXFileReference; lastKnownFileType = sourcecode.c.h; path = ExtensionDelegate.h; sourceTree = "<group>"; };
		A6C20A8A1C07197B009439BF /* ExtensionDelegate.m */ = {isa = PBXFileReference; lastKnownFileType = sourcecode.c.objc; path = ExtensionDelegate.m; sourceTree = "<group>"; };
		A6C20A8C1C07197B009439BF /* NotificationController.h */ = {isa = PBXFileReference; lastKnownFileType = sourcecode.c.h; path = NotificationController.h; sourceTree = "<group>"; };
		A6C20A8D1C07197B009439BF /* NotificationController.m */ = {isa = PBXFileReference; lastKnownFileType = sourcecode.c.objc; path = NotificationController.m; sourceTree = "<group>"; };
		A6C20A8F1C07197B009439BF /* Assets.xcassets */ = {isa = PBXFileReference; lastKnownFileType = folder.assetcatalog; path = Assets.xcassets; sourceTree = "<group>"; };
		A6C20A911C07197B009439BF /* Info.plist */ = {isa = PBXFileReference; lastKnownFileType = text.plist.xml; path = Info.plist; sourceTree = "<group>"; };
		A6C2D33E1C02FD98001762E0 /* TinMail.app */ = {isa = PBXFileReference; explicitFileType = wrapper.application; includeInIndex = 0; path = TinMail.app; sourceTree = BUILT_PRODUCTS_DIR; };
		A6C2D3421C02FD98001762E0 /* Info.plist */ = {isa = PBXFileReference; lastKnownFileType = text.plist.xml; path = Info.plist; sourceTree = "<group>"; };
		A6C2D3431C02FD98001762E0 /* main.m */ = {isa = PBXFileReference; lastKnownFileType = sourcecode.c.objc; path = main.m; sourceTree = "<group>"; };
		A6C2D3451C02FD98001762E0 /* AppDelegate.h */ = {isa = PBXFileReference; lastKnownFileType = sourcecode.c.h; path = AppDelegate.h; sourceTree = "<group>"; };
		A6C2D3461C02FD98001762E0 /* AppDelegate.m */ = {isa = PBXFileReference; lastKnownFileType = sourcecode.c.objc; path = AppDelegate.m; sourceTree = "<group>"; };
		A6C2D3481C02FD98001762E0 /* ViewController.h */ = {isa = PBXFileReference; lastKnownFileType = sourcecode.c.h; path = ViewController.h; sourceTree = "<group>"; };
		A6C2D3491C02FD98001762E0 /* ViewController.m */ = {isa = PBXFileReference; lastKnownFileType = sourcecode.c.objc; path = ViewController.m; sourceTree = "<group>"; };
		A6C2D34C1C02FD98001762E0 /* Base */ = {isa = PBXFileReference; lastKnownFileType = file.storyboard; name = Base; path = Base.lproj/Main.storyboard; sourceTree = "<group>"; };
		A6C2D34E1C02FD98001762E0 /* Images.xcassets */ = {isa = PBXFileReference; lastKnownFileType = folder.assetcatalog; path = Images.xcassets; sourceTree = "<group>"; };
		A6C2D3511C02FD98001762E0 /* Base */ = {isa = PBXFileReference; lastKnownFileType = file.xib; name = Base; path = Base.lproj/LaunchScreen.xib; sourceTree = "<group>"; };
		A6C2D35C1C02FD99001762E0 /* Info.plist */ = {isa = PBXFileReference; lastKnownFileType = text.plist.xml; path = Info.plist; sourceTree = "<group>"; };
		A6C2D35D1C02FD99001762E0 /* TinMailTests.m */ = {isa = PBXFileReference; lastKnownFileType = sourcecode.c.objc; path = TinMailTests.m; sourceTree = "<group>"; };
		A6C2D3691C02FDB8001762E0 /* Security.framework */ = {isa = PBXFileReference; lastKnownFileType = wrapper.framework; name = Security.framework; path = System/Library/Frameworks/Security.framework; sourceTree = SDKROOT; };
		A6C2D36B1C02FDBE001762E0 /* SystemConfiguration.framework */ = {isa = PBXFileReference; lastKnownFileType = wrapper.framework; name = SystemConfiguration.framework; path = System/Library/Frameworks/SystemConfiguration.framework; sourceTree = SDKROOT; };
		A6C2D36D1C02FE4C001762E0 /* GTMOAuth2ViewTouch.xib */ = {isa = PBXFileReference; fileEncoding = 4; lastKnownFileType = file.xib; name = GTMOAuth2ViewTouch.xib; path = "../../google-api-objectivec-client/Source/OAuth2/Touch/GTMOAuth2ViewTouch.xib"; sourceTree = "<group>"; };
		A6C2D36F1C02FE6A001762E0 /* GTLGmail_Sources.m */ = {isa = PBXFileReference; fileEncoding = 4; lastKnownFileType = sourcecode.c.objc; name = GTLGmail_Sources.m; path = "../../google-api-objectivec-client/Source/Services/Gmail/Generated/GTLGmail_Sources.m"; sourceTree = "<group>"; };
		A6C2D3701C02FE6A001762E0 /* GTLGmail.h */ = {isa = PBXFileReference; fileEncoding = 4; lastKnownFileType = sourcecode.c.h; name = GTLGmail.h; path = "../../google-api-objectivec-client/Source/Services/Gmail/Generated/GTLGmail.h"; sourceTree = "<group>"; };
		A6C2D3831C0309F9001762E0 /* GTLCommon_Sources.m */ = {isa = PBXFileReference; fileEncoding = 4; lastKnownFileType = sourcecode.c.objc; name = GTLCommon_Sources.m; path = "../../google-api-objectivec-client/Source/GTLCommon_Sources.m"; sourceTree = "<group>"; };
		A6F24BC71C0566E50091863E /* SettingsTableViewController.h */ = {isa = PBXFileReference; fileEncoding = 4; lastKnownFileType = sourcecode.c.h; path = SettingsTableViewController.h; sourceTree = "<group>"; };
		A6F24BC81C0566E50091863E /* SettingsTableViewController.m */ = {isa = PBXFileReference; fileEncoding = 4; lastKnownFileType = sourcecode.c.objc; path = SettingsTableViewController.m; sourceTree = "<group>"; };
		A6F24BCA1C0566FA0091863E /* ActionsTableViewController.h */ = {isa = PBXFileReference; fileEncoding = 4; lastKnownFileType = sourcecode.c.h; path = ActionsTableViewController.h; sourceTree = "<group>"; };
		A6F24BCB1C0566FA0091863E /* ActionsTableViewController.m */ = {isa = PBXFileReference; fileEncoding = 4; lastKnownFileType = sourcecode.c.objc; path = ActionsTableViewController.m; sourceTree = "<group>"; };
/* End PBXFileReference section */

/* Begin PBXFrameworksBuildPhase section */
		A6C20A7C1C07197B009439BF /* Frameworks */ = {
			isa = PBXFrameworksBuildPhase;
			buildActionMask = 2147483647;
			files = (
			);
			runOnlyForDeploymentPostprocessing = 0;
		};
		A6C2D33B1C02FD98001762E0 /* Frameworks */ = {
			isa = PBXFrameworksBuildPhase;
			buildActionMask = 2147483647;
			files = (
				A6C2D36C1C02FDBE001762E0 /* SystemConfiguration.framework in Frameworks */,
				A6C2D36A1C02FDB8001762E0 /* Security.framework in Frameworks */,
				A66E39DF1C03AEDB0024B296 /* libGTLTouchStaticLib.a in Frameworks */,
			);
			runOnlyForDeploymentPostprocessing = 0;
		};
/* End PBXFrameworksBuildPhase section */

/* Begin PBXGroup section */
		A66E39F01C03DC8A0024B296 /* model */ = {
			isa = PBXGroup;
			children = (
				A66E39ED1C03DC750024B296 /* GmailService.h */,
				A66E39EE1C03DC750024B296 /* GmailService.m */,
				A6C2D3831C0309F9001762E0 /* GTLCommon_Sources.m */,
				A6C2D36F1C02FE6A001762E0 /* GTLGmail_Sources.m */,
				A6C2D3701C02FE6A001762E0 /* GTLGmail.h */,
			);
			name = model;
			sourceTree = "<group>";
		};
		A66E39F11C03DC9D0024B296 /* view */ = {
			isa = PBXGroup;
			children = (
				A66E39E31C03B8800024B296 /* MainView.h */,
				A66E39E41C03B8800024B296 /* MainView.m */,
			);
			name = view;
			sourceTree = "<group>";
		};
		A66E39F21C03DCAF0024B296 /* controller */ = {
			isa = PBXGroup;
			children = (
				A6F24BC71C0566E50091863E /* SettingsTableViewController.h */,
				A6F24BC81C0566E50091863E /* SettingsTableViewController.m */,
				A66E39EA1C03D49E0024B296 /* MenuTableViewController.h */,
				A66E39EB1C03D49E0024B296 /* MenuTableViewController.m */,
				A66E39E61C03C3A70024B296 /* SWRevealViewController.h */,
				A66E39E71C03C3A70024B296 /* SWRevealViewController.m */,
				A66E39E01C03B4410024B296 /* MainViewController.h */,
				A66E39E11C03B4410024B296 /* MainViewController.m */,
				A6C2D3481C02FD98001762E0 /* ViewController.h */,
				A6C2D3491C02FD98001762E0 /* ViewController.m */,
				A6F24BCA1C0566FA0091863E /* ActionsTableViewController.h */,
				A6F24BCB1C0566FA0091863E /* ActionsTableViewController.m */,
			);
			name = controller;
			sourceTree = "<group>";
		};
		A6C20A741C07197A009439BF /* TinMailWatch */ = {
			isa = PBXGroup;
			children = (
				A6C20A751C07197B009439BF /* Interface.storyboard */,
				A6C20A781C07197B009439BF /* Assets.xcassets */,
				A6C20A7A1C07197B009439BF /* Info.plist */,
			);
			path = TinMailWatch;
			sourceTree = "<group>";
		};
		A6C20A831C07197B009439BF /* TinMailWatch Extension */ = {
			isa = PBXGroup;
			children = (
				A6C20A861C07197B009439BF /* InterfaceController.h */,
				A6C20A871C07197B009439BF /* InterfaceController.m */,
				A6C20A891C07197B009439BF /* ExtensionDelegate.h */,
				A6C20A8A1C07197B009439BF /* ExtensionDelegate.m */,
				A6C20A8C1C07197B009439BF /* NotificationController.h */,
				A6C20A8D1C07197B009439BF /* NotificationController.m */,
				A6C20A8F1C07197B009439BF /* Assets.xcassets */,
				A6C20A911C07197B009439BF /* Info.plist */,
				A6C20A841C07197B009439BF /* Supporting Files */,
			);
			path = "TinMailWatch Extension";
			sourceTree = "<group>";
		};
		A6C20A841C07197B009439BF /* Supporting Files */ = {
			isa = PBXGroup;
			children = (
				A6C20A851C07197B009439BF /* PushNotificationPayload.apns */,
			);
			name = "Supporting Files";
			sourceTree = "<group>";
		};
		A6C2D3351C02FD98001762E0 = {
			isa = PBXGroup;
			children = (
				A66E39DE1C03AEDB0024B296 /* libGTLTouchStaticLib.a */,
				A6C2D36B1C02FDBE001762E0 /* SystemConfiguration.framework */,
				A6C2D3691C02FDB8001762E0 /* Security.framework */,
				A6C2D3401C02FD98001762E0 /* TinMail */,
				A6C2D35A1C02FD99001762E0 /* TinMailTests */,
				A6C20A741C07197A009439BF /* TinMailWatch */,
				A6C20A831C07197B009439BF /* TinMailWatch Extension */,
				A6C2D33F1C02FD98001762E0 /* Products */,
			);
			sourceTree = "<group>";
		};
		A6C2D33F1C02FD98001762E0 /* Products */ = {
			isa = PBXGroup;
			children = (
				A6C2D33E1C02FD98001762E0 /* TinMail.app */,
				A6C20A731C07197A009439BF /* TinMailWatch.app */,
				A6C20A7F1C07197B009439BF /* TinMailWatch Extension.appex */,
			);
			name = Products;
			sourceTree = "<group>";
		};
		A6C2D3401C02FD98001762E0 /* TinMail */ = {
			isa = PBXGroup;
			children = (
				A66E39F01C03DC8A0024B296 /* model */,
				A66E39F11C03DC9D0024B296 /* view */,
				A66E39F21C03DCAF0024B296 /* controller */,
				A6C2D3411C02FD98001762E0 /* Supporting Files */,
				A6C2D3451C02FD98001762E0 /* AppDelegate.h */,
				A6C2D3461C02FD98001762E0 /* AppDelegate.m */,
				A6C2D34B1C02FD98001762E0 /* Main.storyboard */,
				A6C2D34E1C02FD98001762E0 /* Images.xcassets */,
				A6C2D3501C02FD98001762E0 /* LaunchScreen.xib */,
			);
			path = TinMail;
			sourceTree = "<group>";
		};
		A6C2D3411C02FD98001762E0 /* Supporting Files */ = {
			isa = PBXGroup;
			children = (
				A6C2D36D1C02FE4C001762E0 /* GTMOAuth2ViewTouch.xib */,
				A6C2D3421C02FD98001762E0 /* Info.plist */,
				A6C2D3431C02FD98001762E0 /* main.m */,
			);
			name = "Supporting Files";
			sourceTree = "<group>";
		};
		A6C2D35A1C02FD99001762E0 /* TinMailTests */ = {
			isa = PBXGroup;
			children = (
				A6C2D35D1C02FD99001762E0 /* TinMailTests.m */,
				A6C2D35B1C02FD99001762E0 /* Supporting Files */,
			);
			path = TinMailTests;
			sourceTree = "<group>";
		};
		A6C2D35B1C02FD99001762E0 /* Supporting Files */ = {
			isa = PBXGroup;
			children = (
				A6C2D35C1C02FD99001762E0 /* Info.plist */,
			);
			name = "Supporting Files";
			sourceTree = "<group>";
		};
/* End PBXGroup section */

/* Begin PBXNativeTarget section */
		A6C20A721C07197A009439BF /* TinMailWatch */ = {
			isa = PBXNativeTarget;
			buildConfigurationList = A6C20A991C07197B009439BF /* Build configuration list for PBXNativeTarget "TinMailWatch" */;
			buildPhases = (
				A6C20A711C07197A009439BF /* Resources */,
				A6C20A981C07197B009439BF /* Embed App Extensions */,
			);
			buildRules = (
			);
			dependencies = (
				A6C20A821C07197B009439BF /* PBXTargetDependency */,
			);
			name = TinMailWatch;
			productName = TinMailWatch;
			productReference = A6C20A731C07197A009439BF /* TinMailWatch.app */;
			productType = "com.apple.product-type.application.watchapp2";
		};
		A6C20A7E1C07197B009439BF /* TinMailWatch Extension */ = {
			isa = PBXNativeTarget;
			buildConfigurationList = A6C20A951C07197B009439BF /* Build configuration list for PBXNativeTarget "TinMailWatch Extension" */;
			buildPhases = (
				A6C20A7B1C07197B009439BF /* Sources */,
				A6C20A7C1C07197B009439BF /* Frameworks */,
				A6C20A7D1C07197B009439BF /* Resources */,
			);
			buildRules = (
			);
			dependencies = (
			);
			name = "TinMailWatch Extension";
			productName = "TinMailWatch Extension";
			productReference = A6C20A7F1C07197B009439BF /* TinMailWatch Extension.appex */;
			productType = "com.apple.product-type.watchkit2-extension";
		};
		A6C2D33D1C02FD98001762E0 /* TinMail */ = {
			isa = PBXNativeTarget;
			buildConfigurationList = A6C2D3611C02FD99001762E0 /* Build configuration list for PBXNativeTarget "TinMail" */;
			buildPhases = (
				A6C2D33A1C02FD98001762E0 /* Sources */,
				A6C2D33B1C02FD98001762E0 /* Frameworks */,
				A6C2D33C1C02FD98001762E0 /* Resources */,
				A6C20A9C1C07197B009439BF /* Embed Watch Content */,
			);
			buildRules = (
			);
			dependencies = (
				A6C20A931C07197B009439BF /* PBXTargetDependency */,
			);
			name = TinMail;
			productName = TinMail;
			productReference = A6C2D33E1C02FD98001762E0 /* TinMail.app */;
			productType = "com.apple.product-type.application";
		};
/* End PBXNativeTarget section */

/* Begin PBXProject section */
		A6C2D3361C02FD98001762E0 /* Project object */ = {
			isa = PBXProject;
			attributes = {
				LastUpgradeCheck = 0710;
				ORGANIZATIONNAME = "Tiffany Tjahjadi";
				TargetAttributes = {
					A6C20A721C07197A009439BF = {
						CreatedOnToolsVersion = 7.1.1;
					};
					A6C20A7E1C07197B009439BF = {
						CreatedOnToolsVersion = 7.1.1;
					};
					A6C2D33D1C02FD98001762E0 = {
						CreatedOnToolsVersion = 6.4;
					};
				};
			};
			buildConfigurationList = A6C2D3391C02FD98001762E0 /* Build configuration list for PBXProject "TinMail" */;
			compatibilityVersion = "Xcode 3.2";
			developmentRegion = English;
			hasScannedForEncodings = 0;
			knownRegions = (
				en,
				Base,
			);
			mainGroup = A6C2D3351C02FD98001762E0;
			productRefGroup = A6C2D33F1C02FD98001762E0 /* Products */;
			projectDirPath = "";
			projectRoot = "";
			targets = (
				A6C2D33D1C02FD98001762E0 /* TinMail */,
				A6C20A721C07197A009439BF /* TinMailWatch */,
				A6C20A7E1C07197B009439BF /* TinMailWatch Extension */,
			);
		};
/* End PBXProject section */

/* Begin PBXResourcesBuildPhase section */
		A6C20A711C07197A009439BF /* Resources */ = {
			isa = PBXResourcesBuildPhase;
			buildActionMask = 2147483647;
			files = (
				A6C20A791C07197B009439BF /* Assets.xcassets in Resources */,
				A6C20A771C07197B009439BF /* Interface.storyboard in Resources */,
			);
			runOnlyForDeploymentPostprocessing = 0;
		};
		A6C20A7D1C07197B009439BF /* Resources */ = {
			isa = PBXResourcesBuildPhase;
			buildActionMask = 2147483647;
			files = (
				A6C20A901C07197B009439BF /* Assets.xcassets in Resources */,
			);
			runOnlyForDeploymentPostprocessing = 0;
		};
		A6C2D33C1C02FD98001762E0 /* Resources */ = {
			isa = PBXResourcesBuildPhase;
			buildActionMask = 2147483647;
			files = (
				A6C2D36E1C02FE4C001762E0 /* GTMOAuth2ViewTouch.xib in Resources */,
				A6C2D34D1C02FD98001762E0 /* Main.storyboard in Resources */,
				A6C2D3521C02FD98001762E0 /* LaunchScreen.xib in Resources */,
				A6C2D34F1C02FD98001762E0 /* Images.xcassets in Resources */,
			);
			runOnlyForDeploymentPostprocessing = 0;
		};
/* End PBXResourcesBuildPhase section */

/* Begin PBXSourcesBuildPhase section */
		A6C20A7B1C07197B009439BF /* Sources */ = {
			isa = PBXSourcesBuildPhase;
			buildActionMask = 2147483647;
			files = (
				A6C20A8B1C07197B009439BF /* ExtensionDelegate.m in Sources */,
				A6C20A881C07197B009439BF /* InterfaceController.m in Sources */,
				A6C20A8E1C07197B009439BF /* NotificationController.m in Sources */,
			);
			runOnlyForDeploymentPostprocessing = 0;
		};
		A6C2D33A1C02FD98001762E0 /* Sources */ = {
			isa = PBXSourcesBuildPhase;
			buildActionMask = 2147483647;
			files = (
				A66E39EC1C03D49E0024B296 /* MenuTableViewController.m in Sources */,
				A66E39E81C03C3A70024B296 /* SWRevealViewController.m in Sources */,
				A6F24BC91C0566E50091863E /* SettingsTableViewController.m in Sources */,
				A6C2D34A1C02FD98001762E0 /* ViewController.m in Sources */,
				A6F24BCC1C0566FA0091863E /* ActionsTableViewController.m in Sources */,
				A6C2D3711C02FE6A001762E0 /* GTLGmail_Sources.m in Sources */,
				A6C2D3471C02FD98001762E0 /* AppDelegate.m in Sources */,
				A66E39EF1C03DC750024B296 /* GmailService.m in Sources */,
				A66E39E21C03B4410024B296 /* MainViewController.m in Sources */,
				A6C2D3441C02FD98001762E0 /* main.m in Sources */,
				A66E39E51C03B8800024B296 /* MainView.m in Sources */,
			);
			runOnlyForDeploymentPostprocessing = 0;
		};
/* End PBXSourcesBuildPhase section */

/* Begin PBXTargetDependency section */
		A6C20A821C07197B009439BF /* PBXTargetDependency */ = {
			isa = PBXTargetDependency;
			target = A6C20A7E1C07197B009439BF /* TinMailWatch Extension */;
			targetProxy = A6C20A811C07197B009439BF /* PBXContainerItemProxy */;
		};
		A6C20A931C07197B009439BF /* PBXTargetDependency */ = {
			isa = PBXTargetDependency;
			target = A6C20A721C07197A009439BF /* TinMailWatch */;
			targetProxy = A6C20A921C07197B009439BF /* PBXContainerItemProxy */;
		};
/* End PBXTargetDependency section */

/* Begin PBXVariantGroup section */
		A6C20A751C07197B009439BF /* Interface.storyboard */ = {
			isa = PBXVariantGroup;
			children = (
				A6C20A761C07197B009439BF /* Base */,
			);
			name = Interface.storyboard;
			sourceTree = "<group>";
		};
		A6C2D34B1C02FD98001762E0 /* Main.storyboard */ = {
			isa = PBXVariantGroup;
			children = (
				A6C2D34C1C02FD98001762E0 /* Base */,
			);
			name = Main.storyboard;
			sourceTree = "<group>";
		};
		A6C2D3501C02FD98001762E0 /* LaunchScreen.xib */ = {
			isa = PBXVariantGroup;
			children = (
				A6C2D3511C02FD98001762E0 /* Base */,
			);
			name = LaunchScreen.xib;
			sourceTree = "<group>";
		};
/* End PBXVariantGroup section */

/* Begin XCBuildConfiguration section */
		A6C20A961C07197B009439BF /* Debug */ = {
			isa = XCBuildConfiguration;
			buildSettings = {
				DEBUG_INFORMATION_FORMAT = dwarf;
				GCC_PREPROCESSOR_DEFINITIONS = (
					"DEBUG=1",
					"$(inherited)",
				);
				INFOPLIST_FILE = "TinMailWatch Extension/Info.plist";
				LD_RUNPATH_SEARCH_PATHS = "$(inherited) @executable_path/Frameworks @executable_path/../../Frameworks";
				PRODUCT_BUNDLE_IDENTIFIER = com.tashleyy.TinMail.watchkitapp.watchkitextension;
				PRODUCT_NAME = "${TARGET_NAME}";
				SDKROOT = watchos;
				SKIP_INSTALL = YES;
				TARGETED_DEVICE_FAMILY = 4;
				WATCHOS_DEPLOYMENT_TARGET = 2.0;
			};
			name = Debug;
		};
		A6C20A971C07197B009439BF /* Release */ = {
			isa = XCBuildConfiguration;
			buildSettings = {
				INFOPLIST_FILE = "TinMailWatch Extension/Info.plist";
				LD_RUNPATH_SEARCH_PATHS = "$(inherited) @executable_path/Frameworks @executable_path/../../Frameworks";
				PRODUCT_BUNDLE_IDENTIFIER = com.tashleyy.TinMail.watchkitapp.watchkitextension;
				PRODUCT_NAME = "${TARGET_NAME}";
				SDKROOT = watchos;
				SKIP_INSTALL = YES;
				TARGETED_DEVICE_FAMILY = 4;
				WATCHOS_DEPLOYMENT_TARGET = 2.0;
			};
			name = Release;
		};
		A6C20A9A1C07197B009439BF /* Debug */ = {
			isa = XCBuildConfiguration;
			buildSettings = {
				ASSETCATALOG_COMPILER_APPICON_NAME = AppIcon;
				DEBUG_INFORMATION_FORMAT = dwarf;
				GCC_PREPROCESSOR_DEFINITIONS = (
					"DEBUG=1",
					"$(inherited)",
				);
				IBSC_MODULE = TinMailWatch_Extension;
				INFOPLIST_FILE = TinMailWatch/Info.plist;
				PRODUCT_BUNDLE_IDENTIFIER = com.tashleyy.TinMail.watchkitapp;
				PRODUCT_NAME = "$(TARGET_NAME)";
				SDKROOT = watchos;
				SKIP_INSTALL = YES;
				TARGETED_DEVICE_FAMILY = 4;
				WATCHOS_DEPLOYMENT_TARGET = 2.0;
			};
			name = Debug;
		};
		A6C20A9B1C07197B009439BF /* Release */ = {
			isa = XCBuildConfiguration;
			buildSettings = {
				ASSETCATALOG_COMPILER_APPICON_NAME = AppIcon;
				IBSC_MODULE = TinMailWatch_Extension;
				INFOPLIST_FILE = TinMailWatch/Info.plist;
				PRODUCT_BUNDLE_IDENTIFIER = com.tashleyy.TinMail.watchkitapp;
				PRODUCT_NAME = "$(TARGET_NAME)";
				SDKROOT = watchos;
				SKIP_INSTALL = YES;
				TARGETED_DEVICE_FAMILY = 4;
				WATCHOS_DEPLOYMENT_TARGET = 2.0;
			};
			name = Release;
		};
		A6C2D35F1C02FD99001762E0 /* Debug */ = {
			isa = XCBuildConfiguration;
			buildSettings = {
				ALWAYS_SEARCH_USER_PATHS = NO;
				CLANG_CXX_LANGUAGE_STANDARD = "gnu++0x";
				CLANG_CXX_LIBRARY = "libc++";
				CLANG_ENABLE_MODULES = YES;
				CLANG_ENABLE_OBJC_ARC = YES;
				CLANG_WARN_BOOL_CONVERSION = YES;
				CLANG_WARN_CONSTANT_CONVERSION = YES;
				CLANG_WARN_DIRECT_OBJC_ISA_USAGE = YES_ERROR;
				CLANG_WARN_EMPTY_BODY = YES;
				CLANG_WARN_ENUM_CONVERSION = YES;
				CLANG_WARN_INT_CONVERSION = YES;
				CLANG_WARN_OBJC_ROOT_CLASS = YES_ERROR;
				CLANG_WARN_UNREACHABLE_CODE = YES;
				CLANG_WARN__DUPLICATE_METHOD_MATCH = YES;
				"CODE_SIGN_IDENTITY[sdk=iphoneos*]" = "iPhone Developer";
				COPY_PHASE_STRIP = NO;
				DEBUG_INFORMATION_FORMAT = "dwarf-with-dsym";
				ENABLE_STRICT_OBJC_MSGSEND = YES;
				ENABLE_TESTABILITY = YES;
				GCC_C_LANGUAGE_STANDARD = gnu99;
				GCC_DYNAMIC_NO_PIC = NO;
				GCC_NO_COMMON_BLOCKS = YES;
				GCC_OPTIMIZATION_LEVEL = 0;
				GCC_PREPROCESSOR_DEFINITIONS = "GTM_USE_SESSION_FETCHER=1";
				GCC_SYMBOLS_PRIVATE_EXTERN = NO;
				GCC_WARN_64_TO_32_BIT_CONVERSION = YES;
				GCC_WARN_ABOUT_RETURN_TYPE = YES_ERROR;
				GCC_WARN_UNDECLARED_SELECTOR = YES;
				GCC_WARN_UNINITIALIZED_AUTOS = YES_AGGRESSIVE;
				GCC_WARN_UNUSED_FUNCTION = YES;
				GCC_WARN_UNUSED_VARIABLE = YES;
				IPHONEOS_DEPLOYMENT_TARGET = 8.4;
				MTL_ENABLE_DEBUG_INFO = YES;
				ONLY_ACTIVE_ARCH = YES;
				OTHER_LDFLAGS = (
					"-ObjC",
					"-all_load",
				);
				SDKROOT = iphoneos;
				USER_HEADER_SEARCH_PATHS = "../gtm-session-fetcher/Source ../google-api-objectivec-client/Source/**";
			};
			name = Debug;
		};
		A6C2D3601C02FD99001762E0 /* Release */ = {
			isa = XCBuildConfiguration;
			buildSettings = {
				ALWAYS_SEARCH_USER_PATHS = NO;
				CLANG_CXX_LANGUAGE_STANDARD = "gnu++0x";
				CLANG_CXX_LIBRARY = "libc++";
				CLANG_ENABLE_MODULES = YES;
				CLANG_ENABLE_OBJC_ARC = YES;
				CLANG_WARN_BOOL_CONVERSION = YES;
				CLANG_WARN_CONSTANT_CONVERSION = YES;
				CLANG_WARN_DIRECT_OBJC_ISA_USAGE = YES_ERROR;
				CLANG_WARN_EMPTY_BODY = YES;
				CLANG_WARN_ENUM_CONVERSION = YES;
				CLANG_WARN_INT_CONVERSION = YES;
				CLANG_WARN_OBJC_ROOT_CLASS = YES_ERROR;
				CLANG_WARN_UNREACHABLE_CODE = YES;
				CLANG_WARN__DUPLICATE_METHOD_MATCH = YES;
				"CODE_SIGN_IDENTITY[sdk=iphoneos*]" = "iPhone Developer";
				COPY_PHASE_STRIP = NO;
				DEBUG_INFORMATION_FORMAT = "dwarf-with-dsym";
				ENABLE_NS_ASSERTIONS = NO;
				ENABLE_STRICT_OBJC_MSGSEND = YES;
				GCC_C_LANGUAGE_STANDARD = gnu99;
				GCC_NO_COMMON_BLOCKS = YES;
				GCC_PREPROCESSOR_DEFINITIONS = "GTM_USE_SESSION_FETCHER=1";
				GCC_WARN_64_TO_32_BIT_CONVERSION = YES;
				GCC_WARN_ABOUT_RETURN_TYPE = YES_ERROR;
				GCC_WARN_UNDECLARED_SELECTOR = YES;
				GCC_WARN_UNINITIALIZED_AUTOS = YES_AGGRESSIVE;
				GCC_WARN_UNUSED_FUNCTION = YES;
				GCC_WARN_UNUSED_VARIABLE = YES;
				IPHONEOS_DEPLOYMENT_TARGET = 8.4;
				MTL_ENABLE_DEBUG_INFO = NO;
				OTHER_LDFLAGS = (
					"-ObjC",
					"-all_load",
				);
				SDKROOT = iphoneos;
				USER_HEADER_SEARCH_PATHS = "../gtm-session-fetcher/Source ../google-api-objectivec-client/Source/**";
				VALIDATE_PRODUCT = YES;
			};
			name = Release;
		};
		A6C2D3621C02FD99001762E0 /* Debug */ = {
			isa = XCBuildConfiguration;
			buildSettings = {
				ASSETCATALOG_COMPILER_APPICON_NAME = AppIcon;
				INFOPLIST_FILE = TinMail/Info.plist;
				LD_RUNPATH_SEARCH_PATHS = "$(inherited) @executable_path/Frameworks";
				LIBRARY_SEARCH_PATHS = (
					"$(inherited)",
					"$(USER_LIBRARY_DIR)/Developer/Xcode/DerivedData/TinMail-bhzojtigrwjrbhffbfhuhdqimkek/Build/Products/Debug-iphonesimulator",
					/Users/tashleyy/Documents/USC/FALL2015/ITP342/Final,
				);
				PRODUCT_BUNDLE_IDENTIFIER = "com.tashleyy.$(PRODUCT_NAME:rfc1034identifier)";
				PRODUCT_NAME = "$(TARGET_NAME)";
			};
			name = Debug;
		};
		A6C2D3631C02FD99001762E0 /* Release */ = {
			isa = XCBuildConfiguration;
			buildSettings = {
				ASSETCATALOG_COMPILER_APPICON_NAME = AppIcon;
				INFOPLIST_FILE = TinMail/Info.plist;
				LD_RUNPATH_SEARCH_PATHS = "$(inherited) @executable_path/Frameworks";
				LIBRARY_SEARCH_PATHS = (
					"$(inherited)",
					"$(USER_LIBRARY_DIR)/Developer/Xcode/DerivedData/TinMail-bhzojtigrwjrbhffbfhuhdqimkek/Build/Products/Debug-iphonesimulator",
					/Users/tashleyy/Documents/USC/FALL2015/ITP342/Final,
				);
				PRODUCT_BUNDLE_IDENTIFIER = "com.tashleyy.$(PRODUCT_NAME:rfc1034identifier)";
				PRODUCT_NAME = "$(TARGET_NAME)";
			};
			name = Release;
		};
/* End XCBuildConfiguration section */

/* Begin XCConfigurationList section */
		A6C20A951C07197B009439BF /* Build configuration list for PBXNativeTarget "TinMailWatch Extension" */ = {
			isa = XCConfigurationList;
			buildConfigurations = (
				A6C20A961C07197B009439BF /* Debug */,
				A6C20A971C07197B009439BF /* Release */,
			);
			defaultConfigurationIsVisible = 0;
		};
		A6C20A991C07197B009439BF /* Build configuration list for PBXNativeTarget "TinMailWatch" */ = {
			isa = XCConfigurationList;
			buildConfigurations = (
				A6C20A9A1C07197B009439BF /* Debug */,
				A6C20A9B1C07197B009439BF /* Release */,
			);
			defaultConfigurationIsVisible = 0;
		};
		A6C2D3391C02FD98001762E0 /* Build configuration list for PBXProject "TinMail" */ = {
			isa = XCConfigurationList;
			buildConfigurations = (
				A6C2D35F1C02FD99001762E0 /* Debug */,
				A6C2D3601C02FD99001762E0 /* Release */,
			);
			defaultConfigurationIsVisible = 0;
			defaultConfigurationName = Release;
		};
		A6C2D3611C02FD99001762E0 /* Build configuration list for PBXNativeTarget "TinMail" */ = {
			isa = XCConfigurationList;
			buildConfigurations = (
				A6C2D3621C02FD99001762E0 /* Debug */,
				A6C2D3631C02FD99001762E0 /* Release */,
			);
			defaultConfigurationIsVisible = 0;
			defaultConfigurationName = Release;
		};
/* End XCConfigurationList section */
	};
	rootObject = A6C2D3361C02FD98001762E0 /* Project object */;
}
